
Microsoft Visual Studio Solution File, Format Version 12.00
# Visual Studio Version 17
VisualStudioVersion = 17.6.33829.357
MinimumVisualStudioVersion = 10.0.40219.1
Project("{FAE04EC0-301F-11D3-BF4B-00C04F79EFBC}") = "Small_Loan_Management", "Small_Loan_Management\Small_Loan_Management.csproj", "{A78B9A59-60E9-4700-A15A-8ABC2B3CC5BE}"
EndProject
Global
	GlobalSection(SolutionConfigurationPlatforms) = preSolution
		Debug|Any CPU = Debug|Any CPU
		Release|Any CPU = Release|Any CPU
	EndGlobalSection
	GlobalSection(ProjectConfigurationPlatforms) = postSolution
		{A78B9A59-60E9-4700-A15A-8ABC2B3CC5BE}.Debug|Any CPU.ActiveCfg = Debug|Any CPU
		{A78B9A59-60E9-4700-A15A-8ABC2B3CC5BE}.Debug|Any CPU.Build.0 = Debug|Any CPU
		{A78B9A59-60E9-4700-A15A-8ABC2B3CC5BE}.Release|Any CPU.ActiveCfg = Release|Any CPU
		{A78B9A59-60E9-4700-A15A-8ABC2B3CC5BE}.Release|Any CPU.Build.0 = Release|Any CPU
	EndGlobalSection
	GlobalSection(SolutionProperties) = preSolution
		HideSolutionNode = FALSE
	EndGlobalSection
	GlobalSection(ExtensibilityGlobals) = postSolution
		SolutionGuid = {A1D41E36-3CC8-4C9E-9EC8-C7C22E025CEB}
	EndGlobalSection
EndGlobal
